
Microsoft Visual Studio Solution File, Format Version 12.00
# Visual Studio 15
VisualStudioVersion = 15.0.28307.438
MinimumVisualStudioVersion = 10.0.40219.1
Project("{F184B08F-C81C-45F6-A57F-5ABD9991F28F}") = "ImportSpreadsheetChecker", "ImportSpreadsheetChecker\ImportSpreadsheetChecker.vbproj", "{A5E0A3DD-0843-4D96-9A00-7D84623CBCF4}"
EndProject
Global
	GlobalSection(SolutionConfigurationPlatforms) = preSolution
		Debug|Any CPU = Debug|Any CPU
		Debug|x64 = Debug|x64
		Debug|x86 = Debug|x86
		Release|Any CPU = Release|Any CPU
		Release|x64 = Release|x64
		Release|x86 = Release|x86
	EndGlobalSection
	GlobalSection(ProjectConfigurationPlatforms) = postSolution
		{A5E0A3DD-0843-4D96-9A00-7D84623CBCF4}.Debug|Any CPU.ActiveCfg = Debug|Any CPU
		{A5E0A3DD-0843-4D96-9A00-7D84623CBCF4}.Debug|Any CPU.Build.0 = Debug|Any CPU
		{A5E0A3DD-0843-4D96-9A00-7D84623CBCF4}.Debug|x64.ActiveCfg = Debug|x64
		{A5E0A3DD-0843-4D96-9A00-7D84623CBCF4}.Debug|x64.Build.0 = Debug|x64
		{A5E0A3DD-0843-4D96-9A00-7D84623CBCF4}.Debug|x86.ActiveCfg = Debug|x86
		{A5E0A3DD-0843-4D96-9A00-7D84623CBCF4}.Debug|x86.Build.0 = Debug|x86
		{A5E0A3DD-0843-4D96-9A00-7D84623CBCF4}.Release|Any CPU.ActiveCfg = Release|Any CPU
		{A5E0A3DD-0843-4D96-9A00-7D84623CBCF4}.Release|Any CPU.Build.0 = Release|Any CPU
		{A5E0A3DD-0843-4D96-9A00-7D84623CBCF4}.Release|x64.ActiveCfg = Release|x64
		{A5E0A3DD-0843-4D96-9A00-7D84623CBCF4}.Release|x64.Build.0 = Release|x64
		{A5E0A3DD-0843-4D96-9A00-7D84623CBCF4}.Release|x86.ActiveCfg = Release|x86
		{A5E0A3DD-0843-4D96-9A00-7D84623CBCF4}.Release|x86.Build.0 = Release|x86
	EndGlobalSection
	GlobalSection(SolutionProperties) = preSolution
		HideSolutionNode = FALSE
	EndGlobalSection
	GlobalSection(ExtensibilityGlobals) = postSolution
		SolutionGuid = {CE3C20C3-59EB-4335-9351-1467F4EE90DA}
	EndGlobalSection
EndGlobal
